uuid: 96c374e5-8bea-4be0-b4c2-0d4cb9484722
langcode: en
status: true
dependencies:
  config:
    - block_content.type.basic
    - field.storage.paragraph.field_block
    - paragraphs.paragraphs_type.embed_block
id: paragraph.embed_block.field_block
field_name: field_block
entity_type: paragraph
bundle: embed_block
label: Block
description: ''
required: false
translatable: false
default_value: {  }
default_value_callback: ''
settings:
  handler: 'default:block_content'
  handler_settings:
    target_bundles:
      basic: basic
    sort:
      field: _none
    auto_create: false
    auto_create_bundle: ''
field_type: entity_reference
